# This file may be used to create an environment using:
# $ conda create --name <env> --file <this file>
# platform: linux-64
# created-by: conda 24.11.3
@EXPLICIT
https://conda.anaconda.org/conda-forge/noarch/_r-mutex-1.0.1-anacondar_1.tar.bz2
https://conda.anaconda.org/conda-forge/noarch/ca-certificates-2026.7.22-hbd8a1cb_0.conda
https://conda.anaconda.org/conda-forge/noarch/font-ttf-dejavu-sans-mono-2.37-hab24e00_0.tar.bz2
https://conda.anaconda.org/conda-forge/noarch/font-ttf-inconsolata-3.000-h77eed37_0.tar.bz2
https://conda.anaconda.org/conda-forge/noarch/font-ttf-source-code-pro-2.038-h77eed37_0.tar.bz2
https://conda.anaconda.org/conda-forge/noarch/font-ttf-ubuntu-0.83-h77eed37_3.conda
https://conda.anaconda.org/conda-forge/noarch/kernel-headers_linux-64-5.14.0-he073ed8_3.conda
https://conda.anaconda.org/conda-forge/linux-64/ld_impl_linux-64-2.39-hcc3a1bd_1.conda
https://conda.anaconda.org/conda-forge/linux-64/libgcc-devel_linux-64-9.5.0-h0a57e50_19.tar.bz2
https://conda.anaconda.org/conda-forge/linux-64/libgomp-16.2.0-he0feb66_4.conda
https://conda.anaconda.org/conda-forge/linux-64/libstdcxx-devel_linux-64-9.5.0-h0a57e50_19.tar.bz2
https://conda.anaconda.org/conda-forge/noarch/python_abi-3.11-9_cp311.conda
https://conda.anaconda.org/conda-forge/noarch/tzdata-2026c-h151e31d_0.conda
https://conda.anaconda.org/conda-forge/linux-64/_openmp_mutex-4.5-20_gnu.conda
https://conda.anaconda.org/conda-forge/noarch/fonts-conda-forge-1-hc364b38_1.conda
https://conda.anaconda.org/conda-forge/noarch/sysroot_linux-64-2.34-h087de78_3.conda
https://conda.anaconda.org/conda-forge/linux-64/binutils_impl_linux-64-2.39-he00db2b_1.conda
https://conda.anaconda.org/conda-forge/noarch/fonts-conda-ecosystem-1-0.tar.bz2
https://conda.anaconda.org/conda-forge/linux-64/libgcc-16.2.0-ha9f2e26_4.conda
https://conda.anaconda.org/conda-forge/linux-64/binutils_linux-64-2.39-h5fc0e48_13.conda
https://conda.anaconda.org/conda-forge/linux-64/bzip2-1.0.8-hda65f42_10.conda
https://conda.anaconda.org/conda-forge/linux-64/c-ares-1.34.8-hebe6cf0_2.conda
https://conda.anaconda.org/conda-forge/linux-64/fribidi-1.0.16-h7cc23a3_2.conda
https://conda.anaconda.org/conda-forge/linux-64/keyutils-1.6.3-h7cc23a3_1.conda
https://conda.anaconda.org/conda-forge/linux-64/libbrotlicommon-1.1.0-hb03c661_4.conda
https://conda.anaconda.org/conda-forge/linux-64/libdeflate-1.25-hd45a770_1.conda
https://conda.anaconda.org/conda-forge/linux-64/libev-4.33-h280c20c_3.conda
https://conda.anaconda.org/conda-forge/linux-64/libexpat-2.8.1-hecca717_1.conda
https://conda.anaconda.org/conda-forge/linux-64/libffi-3.7.0-h81df57d_1.conda
https://conda.anaconda.org/conda-forge/linux-64/libgcc-ng-16.2.0-h69a702a_4.conda
https://conda.anaconda.org/conda-forge/linux-64/libgfortran5-16.2.0-h6b99dfc_4.conda
https://conda.anaconda.org/conda-forge/linux-64/libiconv-1.18-h0cb94f2_3.conda
https://conda.anaconda.org/conda-forge/linux-64/liblzma-5.8.3-hb03c661_1.conda
https://conda.anaconda.org/conda-forge/linux-64/libnsl-2.0.1-hb9d3cd8_1.conda
https://conda.anaconda.org/conda-forge/linux-64/libstdcxx-16.2.0-h934c35e_4.conda
https://conda.anaconda.org/conda-forge/linux-64/libutf8proc-2.8.0-hf23e847_1.conda
https://conda.anaconda.org/conda-forge/linux-64/libuuid-2.42.3-hcfc3c73_0.conda
https://conda.anaconda.org/conda-forge/linux-64/libwebp-base-1.6.0-hd42ef1d_1.conda
https://conda.anaconda.org/conda-forge/linux-64/libxcrypt-4.4.38-h280c20c_0.conda
https://conda.anaconda.org/conda-forge/linux-64/make-4.4.1-hb03c661_3.conda
https://conda.anaconda.org/conda-forge/linux-64/ncurses-6.6-hdb14827_1.conda
https://conda.anaconda.org/conda-forge/linux-64/openssl-3.6.4-h781a0a9_0.conda
https://conda.anaconda.org/conda-forge/linux-64/pthread-stubs-0.4-h7cc23a3_1004.conda
https://conda.anaconda.org/conda-forge/linux-64/sed-4.10-h19d0853_0.conda
https://conda.anaconda.org/conda-forge/linux-64/xorg-libice-1.1.2-h280c20c_0.conda
https://conda.anaconda.org/conda-forge/linux-64/xorg-libxau-1.0.12-hb03c661_2.conda
https://conda.anaconda.org/conda-forge/linux-64/xorg-libxdmcp-1.1.5-hb03c661_2.conda
https://conda.anaconda.org/conda-forge/linux-64/yaml-0.2.5-hebe6cf0_3.conda
https://conda.anaconda.org/conda-forge/linux-64/aws-c-common-0.9.19-h4ab18f5_0.conda
https://conda.anaconda.org/conda-forge/linux-64/expat-2.8.1-hecca717_1.conda
https://conda.anaconda.org/conda-forge/linux-64/gflags-2.2.2-h5888daf_1005.conda
https://conda.anaconda.org/conda-forge/linux-64/graphite2-1.3.15-h54a6638_1.conda
https://conda.anaconda.org/conda-forge/linux-64/jpeg-9e-h0b41bf4_3.conda
https://conda.anaconda.org/conda-forge/linux-64/lerc-4.2.0-hdb68285_0.conda
https://conda.anaconda.org/conda-forge/linux-64/libaec-1.1.5-h088129d_0.conda
https://conda.anaconda.org/conda-forge/linux-64/libbrotlidec-1.1.0-hb03c661_4.conda
https://conda.anaconda.org/conda-forge/linux-64/libbrotlienc-1.1.0-hb03c661_4.conda
https://conda.anaconda.org/conda-forge/linux-64/libedit-3.1.20250104-pl5321h373387f_1.conda
https://conda.anaconda.org/conda-forge/linux-64/libevent-2.1.12-hf998b51_1.conda
https://conda.anaconda.org/conda-forge/linux-64/libgfortran-16.2.0-h69a702a_4.conda
https://conda.anaconda.org/conda-forge/linux-64/liblzma-devel-5.8.3-hb03c661_1.conda
https://conda.anaconda.org/conda-forge/linux-64/libsanitizer-9.5.0-h2f262e1_19.tar.bz2
https://conda.anaconda.org/conda-forge/linux-64/libsodium-1.0.18-h36c2ea0_1.tar.bz2
https://conda.anaconda.org/conda-forge/linux-64/libstdcxx-ng-16.2.0-hdf11a46_4.conda
https://conda.anaconda.org/conda-forge/linux-64/libunistring-0.9.10-h7f98852_0.tar.bz2
https://conda.anaconda.org/conda-forge/linux-64/libxcb-1.17.0-hb83e432_2.conda
https://conda.anaconda.org/conda-forge/linux-64/libzlib-1.2.13-h4ab18f5_6.conda
https://conda.anaconda.org/conda-forge/linux-64/pixman-0.46.4-h54a6638_3.conda
https://conda.anaconda.org/conda-forge/linux-64/readline-8.3-hd6e31c0_1.conda
https://conda.anaconda.org/conda-forge/linux-64/s2n-1.4.15-he19d79f_0.conda
https://conda.anaconda.org/conda-forge/linux-64/snappy-1.2.2-h03e3b7b_1.conda
https://conda.anaconda.org/conda-forge/linux-64/xorg-libsm-1.2.6-h0d788c3_1.conda
https://conda.anaconda.org/conda-forge/linux-64/xz-gpl-tools-5.8.3-ha02ee65_1.conda
https://conda.anaconda.org/conda-forge/linux-64/xz-tools-5.8.3-hb03c661_1.conda
https://conda.anaconda.org/conda-forge/linux-64/aws-c-cal-0.6.14-h88a6e22_1.conda
https://conda.anaconda.org/conda-forge/linux-64/aws-c-compression-0.2.18-h83b837d_6.conda
https://conda.anaconda.org/conda-forge/linux-64/aws-c-sdkutils-0.1.16-h83b837d_2.conda
https://conda.anaconda.org/conda-forge/linux-64/aws-checksums-0.1.18-h83b837d_6.conda
https://conda.anaconda.org/conda-forge/linux-64/brotli-bin-1.1.0-hb03c661_4.conda
https://conda.anaconda.org/conda-forge/linux-64/gcc_impl_linux-64-9.5.0-h99780fb_19.tar.bz2
https://conda.anaconda.org/conda-forge/linux-64/glog-0.7.1-hbabe93e_0.conda
https://conda.anaconda.org/conda-forge/linux-64/icu-68.2-h9c3ff4c_0.tar.bz2
https://conda.anaconda.org/conda-forge/linux-64/krb5-1.19.3-h08a2579_0.tar.bz2
https://conda.anaconda.org/conda-forge/linux-64/libabseil-20240116.2-cxx17_he02047a_1.conda
https://conda.anaconda.org/conda-forge/linux-64/libcrc32c-1.1.2-h9c3ff4c_0.tar.bz2
https://conda.anaconda.org/conda-forge/linux-64/libgfortran-ng-16.2.0-h69a702a_4.conda
https://conda.anaconda.org/conda-forge/linux-64/libidn2-2.3.8-hfac485b_1.conda
https://conda.anaconda.org/conda-forge/linux-64/libnghttp2-1.58.0-h47da74e_1.conda
https://conda.anaconda.org/conda-forge/linux-64/libopenblas-0.3.34-pthreads_hcf972fe_1.conda
https://conda.anaconda.org/conda-forge/linux-64/libpng-1.6.43-h2797004_0.conda
https://conda.anaconda.org/conda-forge/linux-64/libsqlite-3.46.0-hde9e2c9_0.conda
https://conda.anaconda.org/conda-forge/linux-64/libthrift-0.19.0-hb90f79a_1.conda
https://conda.anaconda.org/conda-forge/linux-64/libzip-1.10.1-h2629f0a_3.conda
https://conda.anaconda.org/conda-forge/linux-64/lz4-c-1.9.4-hcb278e6_0.conda
https://conda.anaconda.org/conda-forge/linux-64/pcre-8.45-h9c3ff4c_0.tar.bz2
https://conda.anaconda.org/conda-forge/linux-64/pcre2-10.43-hcad00b1_0.conda
https://conda.anaconda.org/conda-forge/linux-64/qhull-2020.2-h434a139_5.conda
https://conda.anaconda.org/conda-forge/linux-64/tk-8.6.13-noxft_h4845f30_101.conda
https://conda.anaconda.org/conda-forge/linux-64/xorg-libx11-1.8.13-he1eb515_1.conda
https://conda.anaconda.org/conda-forge/linux-64/xz-5.8.3-ha02ee65_1.conda
https://conda.anaconda.org/conda-forge/linux-64/zeromq-4.3.5-h59595ed_1.conda
https://conda.anaconda.org/conda-forge/linux-64/zlib-1.2.13-h4ab18f5_6.conda
https://conda.anaconda.org/conda-forge/linux-64/zstd-1.5.6-ha6fb4c9_0.conda
https://conda.anaconda.org/conda-forge/linux-64/aws-c-io-0.14.8-h21d4f22_5.conda
https://conda.anaconda.org/conda-forge/linux-64/brotli-1.1.0-hb03c661_4.conda
https://conda.anaconda.org/conda-forge/linux-64/bwidget-1.10.1-hfc2019e_3.conda
https://conda.anaconda.org/conda-forge/linux-64/freetype-2.12.1-h267a509_2.conda
https://conda.anaconda.org/conda-forge/linux-64/gcc_linux-64-9.5.0-h4258300_13.conda
https://conda.anaconda.org/conda-forge/linux-64/gfortran_impl_linux-64-9.5.0-hf1096a2_19.tar.bz2
https://conda.anaconda.org/conda-forge/linux-64/gxx_impl_linux-64-9.5.0-h99780fb_19.tar.bz2
https://conda.anaconda.org/conda-forge/linux-64/hdf4-4.2.15-h9772cbc_5.tar.bz2
https://conda.anaconda.org/conda-forge/linux-64/libblas-3.11.0-10_h4a7cf45_openblas.conda
https://conda.anaconda.org/conda-forge/linux-64/libglib-2.80.2-hf974151_0.conda
https://conda.anaconda.org/conda-forge/linux-64/libprotobuf-4.25.3-h08a7969_0.conda
https://conda.anaconda.org/conda-forge/linux-64/libre2-11-2023.09.01-h5a48ba9_2.conda
https://repo.anaconda.com/pkgs/main/linux-64/libssh2-1.11.1-h251f7ec_0.conda
https://conda.anaconda.org/conda-forge/linux-64/libtiff-4.4.0-h82bc61c_5.conda
https://conda.anaconda.org/conda-forge/linux-64/libxml2-2.9.12-h72842e0_0.tar.bz2
https://conda.anaconda.org/conda-forge/linux-64/python-3.11.9-hb806964_0_cpython.conda
https://conda.anaconda.org/conda-forge/linux-64/tktable-2.10-h0eb2ad0_10.conda
https://conda.anaconda.org/conda-forge/linux-64/xorg-libxext-1.3.7-h7cc23a3_1.conda
https://conda.anaconda.org/conda-forge/linux-64/xorg-libxrender-0.9.12-hb03c661_1.conda
https://conda.anaconda.org/conda-forge/noarch/asttokens-3.0.2-pyhd8ed1ab_0.conda
https://conda.anaconda.org/conda-forge/noarch/attrs-26.1.0-pyhcf101f3_0.conda
https://conda.anaconda.org/conda-forge/linux-64/aws-c-event-stream-0.4.2-ha47c788_12.conda
https://conda.anaconda.org/conda-forge/linux-64/aws-c-http-0.8.1-h29d6fba_17.conda
https://conda.anaconda.org/conda-forge/linux-64/brotli-python-1.1.0-py311h1ddb823_4.conda
https://conda.anaconda.org/conda-forge/noarch/certifi-2026.7.22-pyhd8ed1ab_0.conda
https://conda.anaconda.org/conda-forge/noarch/charset-normalizer-3.5.1-pyhd8ed1ab_0.conda
https://conda.anaconda.org/conda-forge/noarch/click-8.4.2-pyhc90fa1f_0.conda
https://conda.anaconda.org/conda-forge/noarch/cloudpickle-3.1.2-pyhcf101f3_1.conda
https://conda.anaconda.org/conda-forge/noarch/colorcet-3.2.1-pyhd8ed1ab_0.conda
https://conda.anaconda.org/conda-forge/noarch/comm-0.2.3-pyhe01879c_0.conda
https://conda.anaconda.org/conda-forge/noarch/cpython-3.11.16-py311hd8ed1ab_2.conda
https://conda.anaconda.org/conda-forge/linux-64/cramjam-2.11.0-py311hc665cac_2.conda
https://conda.anaconda.org/conda-forge/noarch/cycler-0.12.1-pyhcf101f3_2.conda
https://conda.anaconda.org/conda-forge/linux-64/debugpy-1.8.21-py311hc665b79_0.conda
https://conda.anaconda.org/conda-forge/noarch/executing-2.2.1-pyhd8ed1ab_0.conda
https://conda.anaconda.org/conda-forge/linux-64/fontconfig-2.14.2-h14ed4e7_0.conda
https://conda.anaconda.org/conda-forge/noarch/fsspec-2026.7.0-pyhd8ed1ab_0.conda
https://conda.anaconda.org/conda-forge/linux-64/gfortran_linux-64-9.5.0-hdb51d14_13.conda
https://conda.anaconda.org/conda-forge/linux-64/google-crc32c-1.8.0-py311h59bccc5_2.conda
https://conda.anaconda.org/conda-forge/linux-64/greenlet-3.5.5-py311hc665b79_0.conda
https://conda.anaconda.org/conda-forge/linux-64/gxx_linux-64-9.5.0-h43f449f_13.conda
https://conda.anaconda.org/conda-forge/noarch/hpack-4.2.0-pyhd8ed1ab_0.conda
https://conda.anaconda.org/conda-forge/noarch/hyperframe-6.1.0-pyhd8ed1ab_0.conda
https://conda.anaconda.org/conda-forge/noarch/idna-3.19-pyhcf101f3_0.conda
https://conda.anaconda.org/conda-forge/noarch/interface_meta-1.3.0-pyhd8ed1ab_1.conda
https://conda.anaconda.org/conda-forge/linux-64/kiwisolver-1.5.1-py311h4c6fd42_1.conda
https://conda.anaconda.org/conda-forge/linux-64/lcms2-2.14-h6ed2654_0.tar.bz2
https://conda.anaconda.org/conda-forge/linux-64/libcblas-3.11.0-10_h0358290_openblas.conda
https://repo.anaconda.com/pkgs/main/linux-64/libcurl-8.16.0-heebcbe5_0.conda
https://conda.anaconda.org/conda-forge/linux-64/liblapack-3.11.0-10_h47877c9_openblas.conda
https://conda.anaconda.org/conda-forge/noarch/locket-1.0.0-pyhd8ed1ab_0.tar.bz2
https://conda.anaconda.org/conda-forge/linux-64/lz4-4.3.3-py311h2cbdf9a_1.conda
https://conda.anaconda.org/conda-forge/linux-64/markupsafe-3.0.3-py311h3778330_1.conda
https://conda.anaconda.org/conda-forge/noarch/mdurl-0.1.2-pyhd8ed1ab_1.conda
https://conda.anaconda.org/conda-forge/linux-64/msgpack-python-1.2.2-py311h4c6fd42_2.conda
https://conda.anaconda.org/conda-forge/noarch/munkres-1.1.4-pyhd8ed1ab_1.conda
https://conda.anaconda.org/conda-forge/noarch/narwhals-2.25.0-pyhcf101f3_0.conda
https://conda.anaconda.org/conda-forge/noarch/nest-asyncio2-1.7.2-pyhcf101f3_0.conda
https://conda.anaconda.org/conda-forge/noarch/networkx-3.6.1-pyhcf101f3_0.conda
https://conda.anaconda.org/conda-forge/linux-64/openjpeg-2.5.0-h7d73246_1.tar.bz2
https://conda.anaconda.org/conda-forge/linux-64/orc-2.0.1-h17fec99_1.conda
https://conda.anaconda.org/conda-forge/noarch/packaging-26.3-pyhc364b38_0.conda
https://conda.anaconda.org/conda-forge/noarch/param-2.4.2-pyhc455866_0.conda
https://conda.anaconda.org/conda-forge/noarch/parso-0.8.7-pyhcf101f3_0.conda
https://conda.anaconda.org/conda-forge/noarch/platformdirs-4.11.6-pyh5ded981_0.conda
https://conda.anaconda.org/conda-forge/linux-64/psutil-7.2.2-py311h194be0f_2.conda
https://conda.anaconda.org/conda-forge/noarch/ptyprocess-0.7.0-pyhd8ed1ab_1.conda
https://conda.anaconda.org/conda-forge/noarch/pure_eval-0.2.3-pyhd8ed1ab_1.conda
https://conda.anaconda.org/conda-forge/noarch/pycodestyle-2.14.0-pyhd8ed1ab_0.conda
https://conda.anaconda.org/conda-forge/noarch/pycparser-3.0-pyhcf101f3_0.conda
https://conda.anaconda.org/conda-forge/noarch/pygments-2.21.0-pyhcf101f3_0.conda
https://conda.anaconda.org/conda-forge/noarch/pyparsing-3.3.2-pyhcf101f3_0.conda
https://conda.anaconda.org/conda-forge/noarch/pysocks-1.7.1-pyha55dd90_7.conda
https://conda.anaconda.org/conda-forge/noarch/python-tzdata-2026.3-pyhd8ed1ab_0.conda
https://conda.anaconda.org/conda-forge/noarch/pytz-2026.3.post1-pyhcf101f3_0.conda
https://conda.anaconda.org/conda-forge/linux-64/pyyaml-6.0.3-py311h3778330_1.conda
https://conda.anaconda.org/conda-forge/linux-64/pyzmq-27.2.0-py311hcbe55da_0.conda
https://conda.anaconda.org/conda-forge/linux-64/re2-2023.09.01-h7f4b329_2.conda
https://conda.anaconda.org/conda-forge/linux-64/rpds-py-2026.6.3-py311ha6e1976_2.conda
https://conda.anaconda.org/conda-forge/noarch/setuptools-84.0.0-pyh332efcf_0.conda
https://conda.anaconda.org/conda-forge/noarch/six-1.17.0-pyhe01879c_1.conda
https://conda.anaconda.org/conda-forge/noarch/sortedcontainers-2.4.0-pyhd8ed1ab_1.conda
https://conda.anaconda.org/conda-forge/noarch/tblib-3.2.2-pyhcf101f3_0.conda
https://conda.anaconda.org/conda-forge/noarch/toolz-1.1.0-pyhd8ed1ab_1.conda
https://conda.anaconda.org/conda-forge/linux-64/tornado-6.5.8-py311h0d48ccd_1.conda
https://conda.anaconda.org/conda-forge/noarch/tqdm-4.70.0-pyh8f84b5b_0.conda
https://conda.anaconda.org/conda-forge/noarch/traitlets-5.16.1-pyhcf101f3_0.conda
https://conda.anaconda.org/conda-forge/noarch/typing_extensions-4.16.0-pyhcf101f3_0.conda
https://conda.anaconda.org/conda-forge/noarch/uc-micro-py-2.0.0-pyhcf101f3_0.conda
https://conda.anaconda.org/conda-forge/linux-64/unicodedata2-17.0.1-py311h0d48ccd_1.conda
https://conda.anaconda.org/conda-forge/noarch/wcwidth-0.8.3-pyhcf101f3_0.conda
https://conda.anaconda.org/conda-forge/linux-64/wrapt-2.4.0-py311h194be0f_1.conda
https://conda.anaconda.org/conda-forge/noarch/xyzservices-2026.9.1-pyhd8ed1ab_0.conda
https://conda.anaconda.org/conda-forge/noarch/zict-3.0.0-pyhd8ed1ab_1.conda
https://conda.anaconda.org/conda-forge/noarch/zipp-4.1.0-pyhcf101f3_0.conda
https://conda.anaconda.org/conda-forge/linux-64/aws-c-auth-0.7.22-h96bc93b_2.conda
https://conda.anaconda.org/conda-forge/linux-64/aws-c-mqtt-0.10.4-h759edc4_4.conda
https://conda.anaconda.org/conda-forge/linux-64/cairo-1.16.0-h6cf1ce9_1008.tar.bz2
https://conda.anaconda.org/conda-forge/linux-64/cffi-2.1.1-py311h904a5e5_3.conda
https://repo.anaconda.com/pkgs/main/linux-64/curl-8.16.0-he2463ab_0.conda
https://conda.anaconda.org/conda-forge/linux-64/cytoolz-1.1.0-py311h49ec1c0_2.conda
https://conda.anaconda.org/conda-forge/noarch/deprecated-1.3.1-pyhd8ed1ab_1.conda
https://conda.anaconda.org/conda-forge/noarch/donfig-0.8.1.post1-pyhd8ed1ab_1.conda
https://conda.anaconda.org/conda-forge/linux-64/fonttools-4.63.0-py311h3778330_0.conda
https://conda.anaconda.org/conda-forge/linux-64/gsl-2.6-he838d99_2.tar.bz2
https://conda.anaconda.org/conda-forge/noarch/h2-4.4.1-pyhcf101f3_0.conda
https://conda.anaconda.org/conda-forge/linux-64/hdf5-1.12.2-nompi_h4df4325_101.conda
https://conda.anaconda.org/conda-forge/noarch/importlib-metadata-9.0.1-pyhcf101f3_0.conda
https://conda.anaconda.org/conda-forge/noarch/intake-2.0.9-pyhd8ed1ab_0.conda
https://conda.anaconda.org/conda-forge/noarch/ipython_pygments_lexers-1.1.1-pyhd8ed1ab_0.conda
https://conda.anaconda.org/conda-forge/noarch/jedi-0.20.0-pyhcf101f3_0.conda
https://conda.anaconda.org/conda-forge/noarch/jinja2-3.1.6-pyhcf101f3_1.conda
https://conda.anaconda.org/conda-forge/noarch/jupyter_core-5.9.1-pyhc90fa1f_0.conda
https://conda.anaconda.org/conda-forge/linux-64/libgrpc-1.62.2-h15f2491_0.conda
https://conda.anaconda.org/conda-forge/noarch/linkify-it-py-2.2.0-pyhcf101f3_0.conda
https://conda.anaconda.org/conda-forge/noarch/markdown-it-py-4.2.0-pyhd8ed1ab_0.conda
https://conda.anaconda.org/conda-forge/noarch/matplotlib-inline-0.2.2-pyhd8ed1ab_0.conda
https://conda.anaconda.org/conda-forge/linux-64/numpy-1.26.4-py311h64a7726_0.conda
https://conda.anaconda.org/conda-forge/noarch/partd-1.4.2-pyhd8ed1ab_0.conda
https://conda.anaconda.org/conda-forge/noarch/pexpect-4.9.0-pyhd8ed1ab_1.conda
https://repo.anaconda.com/pkgs/main/linux-64/pillow-11.0.0-py311hfdbf927_0.conda
https://conda.anaconda.org/conda-forge/noarch/plotly-6.9.0-pyhd8ed1ab_0.conda
https://conda.anaconda.org/conda-forge/noarch/prompt-toolkit-3.0.53-pyha770c72_0.conda
https://conda.anaconda.org/conda-forge/linux-64/protobuf-4.25.3-py311hbffca5d_1.conda
https://conda.anaconda.org/conda-forge/noarch/python-dateutil-2.9.0.post0-pyhe01879c_2.conda
https://conda.anaconda.org/conda-forge/noarch/python-gil-3.11.16-hd8ed1ab_2.conda
https://conda.anaconda.org/conda-forge/noarch/pyviz_comms-3.0.6-pyhd8ed1ab_0.conda
https://conda.anaconda.org/conda-forge/noarch/referencing-0.37.0-pyhcf101f3_0.conda
https://conda.anaconda.org/conda-forge/noarch/stack_data-0.6.3-pyhd8ed1ab_1.conda
https://conda.anaconda.org/conda-forge/noarch/typing-extensions-4.16.0-h69aa097_0.conda
https://conda.anaconda.org/conda-forge/noarch/wheel-0.48.0-pyhd8ed1ab_0.conda
https://conda.anaconda.org/conda-forge/noarch/_python_abi3_support-1.0-hd8ed1ab_3.conda
https://conda.anaconda.org/conda-forge/linux-64/aws-c-s3-0.5.9-h594631b_3.conda
https://conda.anaconda.org/conda-forge/linux-64/cftime-1.6.5-py311h0372a8f_1.conda
https://conda.anaconda.org/conda-forge/linux-64/contourpy-1.3.3-py311h724c32c_4.conda
https://conda.anaconda.org/conda-forge/noarch/dask-core-2026.8.0-pyhc364b38_0.conda
https://conda.anaconda.org/conda-forge/linux-64/grpcio-1.62.2-py311ha6695c7_0.conda
https://conda.anaconda.org/conda-forge/linux-64/harfbuzz-3.1.1-h83ec7ef_0.tar.bz2
https://conda.anaconda.org/conda-forge/noarch/ipython-9.17.1-pyh53cf698_0.conda
https://conda.anaconda.org/conda-forge/noarch/jsonschema-specifications-2025.9.1-pyhcf101f3_0.conda
https://conda.anaconda.org/conda-forge/noarch/jupyter_client-8.10.0-pyhcf101f3_0.conda
https://conda.anaconda.org/conda-forge/linux-64/libgoogle-cloud-2.24.0-h2736e30_0.conda
https://conda.anaconda.org/conda-forge/linux-64/libnetcdf-4.8.1-nompi_h21705cb_104.tar.bz2
https://conda.anaconda.org/conda-forge/noarch/markdown-3.10.3-pyhcf101f3_0.conda
https://conda.anaconda.org/conda-forge/noarch/mdit-py-plugins-0.6.1-pyhd8ed1ab_0.conda
https://conda.anaconda.org/conda-forge/linux-64/numcodecs-0.16.5-py311hed34c8f_0.conda
https://conda.anaconda.org/conda-forge/linux-64/pandas-2.3.3-py311hed34c8f_2.conda
https://conda.anaconda.org/conda-forge/noarch/patsy-1.0.3-pyhcf101f3_0.conda
https://conda.anaconda.org/conda-forge/noarch/pip-26.2.1-pyh8b19718_0.conda
https://conda.anaconda.org/conda-forge/linux-64/scipy-1.17.1-py311hbe70eeb_1.conda
https://conda.anaconda.org/conda-forge/linux-64/sqlalchemy-2.0.52-py311haee01d2_0.conda
https://conda.anaconda.org/conda-forge/linux-64/zstandard-0.23.0-py311h49ec1c0_3.conda
https://conda.anaconda.org/conda-forge/linux-64/aws-crt-cpp-0.26.9-he3a8b3b_0.conda
https://conda.anaconda.org/conda-forge/noarch/bokeh-3.9.2-pyhd8ed1ab_0.conda
https://conda.anaconda.org/conda-forge/noarch/distributed-2026.8.0-pyhc364b38_0.conda
https://conda.anaconda.org/conda-forge/linux-64/fastparquet-2026.5.0-py311h0372a8f_0.conda
https://conda.anaconda.org/conda-forge/noarch/formulaic-1.2.2-pyhd8ed1ab_0.conda
https://conda.anaconda.org/conda-forge/noarch/ipykernel-7.3.0-pyha191276_0.conda
https://conda.anaconda.org/conda-forge/noarch/jsonschema-4.26.0-pyhcf101f3_1.conda
https://conda.anaconda.org/conda-forge/linux-64/libgoogle-cloud-storage-2.24.0-h3d9a0c8_0.conda
https://conda.anaconda.org/conda-forge/linux-64/matplotlib-base-3.10.1-py311h2b939e6_0.conda
https://conda.anaconda.org/conda-forge/noarch/mizani-0.14.5-pyhd8ed1ab_0.conda
https://conda.anaconda.org/conda-forge/linux-64/netcdf4-1.6.2-nompi_py311hc6fcf29_100.tar.bz2
https://conda.anaconda.org/conda-forge/linux-64/nh3-0.3.7-py310h300b7de_0.conda
https://conda.anaconda.org/conda-forge/noarch/pandasql-0.7.3-pyhd8ed1ab_0.tar.bz2
https://conda.anaconda.org/conda-forge/linux-64/pango-1.48.10-h54213e6_2.tar.bz2
https://conda.anaconda.org/conda-forge/noarch/urllib3-2.5.0-pyhd8ed1ab_0.conda
https://conda.anaconda.org/conda-forge/noarch/vega_datasets-0.9.0-pyhd8ed1ab_1.conda
https://conda.anaconda.org/conda-forge/noarch/xarray-2025.6.1-pyhd8ed1ab_1.conda
https://conda.anaconda.org/conda-forge/noarch/zarr-3.1.5-pyhcf101f3_0.conda
https://conda.anaconda.org/conda-forge/noarch/altair-6.2.2-pyhd8ed1ab_0.conda
https://conda.anaconda.org/conda-forge/linux-64/aws-sdk-cpp-1.11.329-hba8bd5f_3.conda
https://conda.anaconda.org/conda-forge/linux-64/r-base-3.6.3-hbcea092_8.tar.bz2
https://conda.anaconda.org/conda-forge/noarch/requests-2.34.2-pyhcf101f3_0.conda
https://conda.anaconda.org/conda-forge/noarch/seaborn-base-0.13.2-pyhd8ed1ab_3.conda
https://conda.anaconda.org/conda-forge/linux-64/statsmodels-0.15.0-np2py311h98b8029_1.conda
https://conda.anaconda.org/conda-forge/linux-64/libarrow-16.1.0-hcb6531f_6_cpu.conda
https://conda.anaconda.org/conda-forge/noarch/panel-core-1.9.4-pyha770c72_0.conda
https://conda.anaconda.org/conda-forge/noarch/plotnine-0.15.8-pyhd8ed1ab_0.conda
https://conda.anaconda.org/conda-forge/noarch/r-assertthat-0.2.1-r36h6115d3f_2.tar.bz2
https://conda.anaconda.org/conda-forge/linux-64/r-backports-1.2.1-r36hcfec24a_0.tar.bz2
https://conda.anaconda.org/conda-forge/linux-64/r-base64enc-0.1_3-r36hcfec24a_1004.tar.bz2
https://conda.anaconda.org/conda-forge/linux-64/r-brio-1.1.2-r36hcfec24a_0.tar.bz2
https://conda.anaconda.org/conda-forge/linux-64/r-colorspace-2.0_1-r36hcfec24a_0.tar.bz2
https://conda.anaconda.org/conda-forge/linux-64/r-commonmark-1.7-r36hcfec24a_1002.tar.bz2
https://conda.anaconda.org/conda-forge/noarch/r-crayon-1.4.1-r36hc72bb7e_0.tar.bz2
https://conda.anaconda.org/conda-forge/linux-64/r-data.table-1.14.0-r36hcfec24a_0.tar.bz2
https://conda.anaconda.org/conda-forge/linux-64/r-digest-0.6.27-r36h03ef668_0.tar.bz2
https://conda.anaconda.org/conda-forge/noarch/r-evaluate-0.14-r36h6115d3f_2.tar.bz2
https://conda.anaconda.org/conda-forge/linux-64/r-fansi-0.4.2-r36hcfec24a_0.tar.bz2
https://conda.anaconda.org/conda-forge/linux-64/r-farver-2.1.0-r36h03ef668_0.tar.bz2
https://conda.anaconda.org/conda-forge/linux-64/r-fastmap-1.1.0-r36h03ef668_0.tar.bz2
https://conda.anaconda.org/conda-forge/linux-64/r-fs-1.5.0-r36h0357c0b_0.tar.bz2
https://conda.anaconda.org/conda-forge/linux-64/r-glue-1.4.2-r36hcfec24a_0.tar.bz2
https://conda.anaconda.org/conda-forge/noarch/r-gtable-0.3.0-r36h6115d3f_3.tar.bz2
https://conda.anaconda.org/conda-forge/linux-64/r-jsonlite-1.7.2-r36hcfec24a_0.tar.bz2
https://conda.anaconda.org/conda-forge/noarch/r-labeling-0.4.2-r36h142f84f_0.tar.bz2
https://conda.anaconda.org/conda-forge/linux-64/r-lattice-0.20_44-r36hcfec24a_0.tar.bz2
https://conda.anaconda.org/conda-forge/linux-64/r-magrittr-2.0.1-r36hcfec24a_1.tar.bz2
https://conda.anaconda.org/conda-forge/linux-64/r-mass-7.3_54-r36hcfec24a_0.tar.bz2
https://conda.anaconda.org/conda-forge/linux-64/r-mime-0.10-r36hcfec24a_0.tar.bz2
https://conda.anaconda.org/conda-forge/linux-64/r-pbdzmq-0.3_5-r36h42bf92c_1.tar.bz2
https://conda.anaconda.org/conda-forge/noarch/r-pkgconfig-2.0.3-r36h6115d3f_1.tar.bz2
https://conda.anaconda.org/conda-forge/noarch/r-praise-1.0.0-r36h6115d3f_1004.tar.bz2
https://conda.anaconda.org/conda-forge/linux-64/r-ps-1.6.0-r36hcfec24a_0.tar.bz2
https://conda.anaconda.org/conda-forge/noarch/r-r6-2.5.0-r36hc72bb7e_0.tar.bz2
https://conda.anaconda.org/conda-forge/linux-64/r-rappdirs-0.3.3-r36hcfec24a_0.tar.bz2
https://conda.anaconda.org/conda-forge/noarch/r-rcolorbrewer-1.1_2-r36h6115d3f_1003.tar.bz2
https://conda.anaconda.org/conda-forge/linux-64/r-rcpp-1.0.6-r36h03ef668_0.tar.bz2
https://conda.anaconda.org/conda-forge/linux-64/r-rlang-0.4.11-r36hcfec24a_0.tar.bz2
https://conda.anaconda.org/conda-forge/noarch/r-rstudioapi-0.13-r36hc72bb7e_0.tar.bz2
https://conda.anaconda.org/conda-forge/linux-64/r-sourcetools-0.1.7-r36he1b5a44_1002.tar.bz2
https://conda.anaconda.org/conda-forge/linux-64/r-stringi-1.6.2-r36hcabe038_0.tar.bz2
https://conda.anaconda.org/conda-forge/linux-64/r-utf8-1.2.1-r36hcfec24a_0.tar.bz2
https://conda.anaconda.org/conda-forge/linux-64/r-uuid-0.1_4-r36hcdcec82_1.tar.bz2
https://conda.anaconda.org/conda-forge/noarch/r-viridislite-0.4.0-r36hc72bb7e_0.tar.bz2
https://conda.anaconda.org/conda-forge/noarch/r-withr-2.4.2-r36hc72bb7e_0.tar.bz2
https://conda.anaconda.org/conda-forge/linux-64/r-xfun-0.23-r36hcfec24a_0.tar.bz2
https://conda.anaconda.org/conda-forge/noarch/r-xtable-1.8_4-r36h6115d3f_3.tar.bz2
https://conda.anaconda.org/conda-forge/linux-64/r-yaml-2.2.1-r36hcfec24a_1.tar.bz2
https://conda.anaconda.org/conda-forge/noarch/seaborn-0.13.2-hd8ed1ab_3.conda
https://conda.anaconda.org/conda-forge/linux-64/libarrow-acero-16.1.0-hac33072_6_cpu.conda
https://conda.anaconda.org/conda-forge/linux-64/libparquet-16.1.0-h6a7eafb_6_cpu.conda
https://conda.anaconda.org/conda-forge/noarch/panel-material-ui-0.14.1-pyhd8ed1ab_0.conda
https://conda.anaconda.org/conda-forge/linux-64/pyarrow-core-16.1.0-py311h8e2c35d_1_cpu.conda
https://conda.anaconda.org/conda-forge/linux-64/r-cachem-1.0.5-r36hcfec24a_0.tar.bz2
https://conda.anaconda.org/conda-forge/noarch/r-cli-2.5.0-r36hc72bb7e_0.tar.bz2
https://conda.anaconda.org/conda-forge/linux-64/r-diffobj-0.3.4-r36hcfec24a_0.tar.bz2
https://conda.anaconda.org/conda-forge/linux-64/r-ellipsis-0.3.2-r36hcfec24a_0.tar.bz2
https://conda.anaconda.org/conda-forge/noarch/r-googlevis-0.6.10-r36hc72bb7e_0.tar.bz2
https://conda.anaconda.org/conda-forge/noarch/r-highr-0.9-r36hc72bb7e_0.tar.bz2
https://conda.anaconda.org/conda-forge/linux-64/r-htmltools-0.5.1.1-r36h03ef668_0.tar.bz2
https://conda.anaconda.org/conda-forge/linux-64/r-later-1.2.0-r36h03ef668_0.tar.bz2
https://conda.anaconda.org/conda-forge/noarch/r-lifecycle-1.0.0-r36hc72bb7e_0.tar.bz2
https://conda.anaconda.org/conda-forge/linux-64/r-markdown-1.1-r36hcfec24a_1.tar.bz2
https://conda.anaconda.org/conda-forge/linux-64/r-matrix-1.3_3-r36he454529_0.tar.bz2
https://conda.anaconda.org/conda-forge/noarch/r-munsell-0.5.0-r36h6115d3f_1003.tar.bz2
https://conda.anaconda.org/conda-forge/linux-64/r-nlme-3.1_152-r36h859d828_0.tar.bz2
https://conda.anaconda.org/conda-forge/linux-64/r-processx-3.5.2-r36hcfec24a_0.tar.bz2
https://conda.anaconda.org/conda-forge/noarch/r-rprojroot-2.0.2-r36hc72bb7e_0.tar.bz2
https://conda.anaconda.org/conda-forge/noarch/r-stringr-1.4.0-r36h6115d3f_2.tar.bz2
https://conda.anaconda.org/conda-forge/linux-64/libarrow-dataset-16.1.0-hac33072_6_cpu.conda
https://conda.anaconda.org/conda-forge/noarch/panel-1.9.4-pyhd8ed1ab_0.conda
https://conda.anaconda.org/conda-forge/noarch/r-callr-3.7.0-r36hc72bb7e_0.tar.bz2
https://conda.anaconda.org/conda-forge/noarch/r-desc-1.3.0-r36hc72bb7e_0.tar.bz2
https://conda.anaconda.org/conda-forge/noarch/r-jquerylib-0.1.4-r36hc72bb7e_0.tar.bz2
https://conda.anaconda.org/conda-forge/noarch/r-knitr-1.33-r36hc72bb7e_0.tar.bz2
https://conda.anaconda.org/conda-forge/linux-64/r-mgcv-1.8_35-r36he454529_0.tar.bz2
https://conda.anaconda.org/conda-forge/linux-64/r-promises-1.2.0.1-r36h03ef668_0.tar.bz2
https://conda.anaconda.org/conda-forge/linux-64/r-sass-0.4.0-r36h03ef668_0.tar.bz2
https://conda.anaconda.org/conda-forge/noarch/r-scales-1.1.1-r36h6115d3f_0.tar.bz2
https://conda.anaconda.org/conda-forge/linux-64/r-vctrs-0.3.8-r36hcfec24a_1.tar.bz2
https://conda.anaconda.org/conda-forge/noarch/holoviews-1.23.2-pyhd8ed1ab_0.conda
https://conda.anaconda.org/conda-forge/linux-64/libarrow-substrait-16.1.0-h7e0c224_6_cpu.conda
https://conda.anaconda.org/conda-forge/noarch/r-bslib-0.2.5.1-r36hc72bb7e_0.tar.bz2
https://conda.anaconda.org/conda-forge/linux-64/r-httpuv-1.6.1-r36h03ef668_0.tar.bz2
https://conda.anaconda.org/conda-forge/noarch/r-pillar-1.6.1-r36hc72bb7e_0.tar.bz2
https://conda.anaconda.org/conda-forge/linux-64/r-pkgload-1.2.1-r36h03ef668_0.tar.bz2
https://conda.anaconda.org/conda-forge/noarch/hvplot-0.12.2-pyhd8ed1ab_0.conda
https://conda.anaconda.org/conda-forge/linux-64/pyarrow-16.1.0-py311h781c19f_1.conda
https://conda.anaconda.org/conda-forge/noarch/r-repr-1.1.3-r36h785f33e_0.tar.bz2
https://conda.anaconda.org/conda-forge/noarch/r-shiny-1.6.0-r36hc72bb7e_0.tar.bz2
https://conda.anaconda.org/conda-forge/linux-64/r-tibble-3.1.2-r36hcfec24a_0.tar.bz2
https://conda.anaconda.org/conda-forge/noarch/dask-2026.8.0-pyhc364b38_0.conda
https://conda.anaconda.org/conda-forge/noarch/r-irdisplay-1.0-r36hd8ed1ab_0.tar.bz2
https://conda.anaconda.org/conda-forge/noarch/r-rematch2-2.1.2-r36h6115d3f_1.tar.bz2
https://conda.anaconda.org/conda-forge/noarch/intake-parquet-0.3.0-pyhd8ed1ab_1.conda
https://conda.anaconda.org/conda-forge/noarch/intake-xarray-2.0.0-pyhd8ed1ab_1.conda
https://conda.anaconda.org/conda-forge/noarch/r-irkernel-1.2-r36hc72bb7e_0.tar.bz2
https://conda.anaconda.org/conda-forge/noarch/r-waldo-0.2.5-r36hc72bb7e_0.tar.bz2
https://conda.anaconda.org/conda-forge/linux-64/r-testthat-3.0.2-r36h03ef668_0.tar.bz2
https://conda.anaconda.org/conda-forge/linux-64/r-isoband-0.2.4-r36h03ef668_0.tar.bz2
https://conda.anaconda.org/conda-forge/noarch/r-ggplot2-3.3.3-r36hc72bb7e_0.tar.bz2
